
Microsoft Visual Studio Solution File, Format Version 12.00
# Visual Studio Version 17
VisualStudioVersion = 17.4.33103.184
MinimumVisualStudioVersion = 10.0.40219.1
Project("{FAE04EC0-301F-11D3-BF4B-00C04F79EFBC}") = "Playfair", "Playfair.csproj", "{D3C68E5E-93FB-4F7E-BB8C-0787598DB977}"
EndProject
Global
	GlobalSection(SolutionConfigurationPlatforms) = preSolution
		Debug|Any CPU = Debug|Any CPU
		Release|Any CPU = Release|Any CPU
	EndGlobalSection
	GlobalSection(ProjectConfigurationPlatforms) = postSolution
		{D3C68E5E-93FB-4F7E-BB8C-0787598DB977}.Debug|Any CPU.ActiveCfg = Debug|Any CPU
		{D3C68E5E-93FB-4F7E-BB8C-0787598DB977}.Debug|Any CPU.Build.0 = Debug|Any CPU
		{D3C68E5E-93FB-4F7E-BB8C-0787598DB977}.Release|Any CPU.ActiveCfg = Release|Any CPU
		{D3C68E5E-93FB-4F7E-BB8C-0787598DB977}.Release|Any CPU.Build.0 = Release|Any CPU
	EndGlobalSection
	GlobalSection(SolutionProperties) = preSolution
		HideSolutionNode = FALSE
	EndGlobalSection
	GlobalSection(ExtensibilityGlobals) = postSolution
		SolutionGuid = {DF904FB8-DD2E-45B3-B44B-65F08C7BBBFE}
	EndGlobalSection
EndGlobal
